
Microsoft Visual Studio Solution File, Format Version 12.00
# Visual Studio Version 17
VisualStudioVersion = 17.1.32328.378
MinimumVisualStudioVersion = 10.0.40219.1
Project("{8BC9CEB8-8B4A-11D0-8D11-00A0C91BC942}") = "Lab1", "Lab1\Lab1.vcxproj", "{6CC657FD-33E8-4B49-8779-EBF5AA44F34E}"
EndProject
Project("{8BC9CEB8-8B4A-11D0-8D11-00A0C91BC942}") = "Lab2", "Lab2\Lab2.vcxproj", "{2696092C-08C4-4A2E-8B04-43643CCAF31E}"
EndProject
Project("{8BC9CEB8-8B4A-11D0-8D11-00A0C91BC942}") = "Lab3", "Lab3\Lab3.vcxproj", "{5B605953-D194-4517-BE55-B72E796E7799}"
EndProject
Project("{8BC9CEB8-8B4A-11D0-8D11-00A0C91BC942}") = "Lab4", "Lab4\Lab4.vcxproj", "{769836E6-8BDF-495E-AA61-0F0744301EA4}"
EndProject
Project("{8BC9CEB8-8B4A-11D0-8D11-00A0C91BC942}") = "Lab5", "Lab5\Lab5.vcxproj", "{8D87FB27-41E8-460E-A64E-C00C810BF3AD}"
EndProject
Global
	GlobalSection(SolutionConfigurationPlatforms) = preSolution
		Debug|x64 = Debug|x64
		Debug|x86 = Debug|x86
		Release|x64 = Release|x64
		Release|x86 = Release|x86
	EndGlobalSection
	GlobalSection(ProjectConfigurationPlatforms) = postSolution
		{6CC657FD-33E8-4B49-8779-EBF5AA44F34E}.Debug|x64.ActiveCfg = Debug|x64
		{6CC657FD-33E8-4B49-8779-EBF5AA44F34E}.Debug|x64.Build.0 = Debug|x64
		{6CC657FD-33E8-4B49-8779-EBF5AA44F34E}.Debug|x86.ActiveCfg = Debug|Win32
		{6CC657FD-33E8-4B49-8779-EBF5AA44F34E}.Debug|x86.Build.0 = Debug|Win32
		{6CC657FD-33E8-4B49-8779-EBF5AA44F34E}.Release|x64.ActiveCfg = Release|x64
		{6CC657FD-33E8-4B49-8779-EBF5AA44F34E}.Release|x64.Build.0 = Release|x64
		{6CC657FD-33E8-4B49-8779-EBF5AA44F34E}.Release|x86.ActiveCfg = Release|Win32
		{6CC657FD-33E8-4B49-8779-EBF5AA44F34E}.Release|x86.Build.0 = Release|Win32
		{2696092C-08C4-4A2E-8B04-43643CCAF31E}.Debug|x64.ActiveCfg = Debug|x64
		{2696092C-08C4-4A2E-8B04-43643CCAF31E}.Debug|x64.Build.0 = Debug|x64
		{2696092C-08C4-4A2E-8B04-43643CCAF31E}.Debug|x86.ActiveCfg = Debug|Win32
		{2696092C-08C4-4A2E-8B04-43643CCAF31E}.Debug|x86.Build.0 = Debug|Win32
		{2696092C-08C4-4A2E-8B04-43643CCAF31E}.Release|x64.ActiveCfg = Release|x64
		{2696092C-08C4-4A2E-8B04-43643CCAF31E}.Release|x64.Build.0 = Release|x64
		{2696092C-08C4-4A2E-8B04-43643CCAF31E}.Release|x86.ActiveCfg = Release|Win32
		{2696092C-08C4-4A2E-8B04-43643CCAF31E}.Release|x86.Build.0 = Release|Win32
		{5B605953-D194-4517-BE55-B72E796E7799}.Debug|x64.ActiveCfg = Debug|x64
		{5B605953-D194-4517-BE55-B72E796E7799}.Debug|x64.Build.0 = Debug|x64
		{5B605953-D194-4517-BE55-B72E796E7799}.Debug|x86.ActiveCfg = Debug|Win32
		{5B605953-D194-4517-BE55-B72E796E7799}.Debug|x86.Build.0 = Debug|Win32
		{5B605953-D194-4517-BE55-B72E796E7799}.Release|x64.ActiveCfg = Release|x64
		{5B605953-D194-4517-BE55-B72E796E7799}.Release|x64.Build.0 = Release|x64
		{5B605953-D194-4517-BE55-B72E796E7799}.Release|x86.ActiveCfg = Release|Win32
		{5B605953-D194-4517-BE55-B72E796E7799}.Release|x86.Build.0 = Release|Win32
		{769836E6-8BDF-495E-AA61-0F0744301EA4}.Debug|x64.ActiveCfg = Debug|x64
		{769836E6-8BDF-495E-AA61-0F0744301EA4}.Debug|x64.Build.0 = Debug|x64
		{769836E6-8BDF-495E-AA61-0F0744301EA4}.Debug|x86.ActiveCfg = Debug|Win32
		{769836E6-8BDF-495E-AA61-0F0744301EA4}.Debug|x86.Build.0 = Debug|Win32
		{769836E6-8BDF-495E-AA61-0F0744301EA4}.Release|x64.ActiveCfg = Release|x64
		{769836E6-8BDF-495E-AA61-0F0744301EA4}.Release|x64.Build.0 = Release|x64
		{769836E6-8BDF-495E-AA61-0F0744301EA4}.Release|x86.ActiveCfg = Release|Win32
		{769836E6-8BDF-495E-AA61-0F0744301EA4}.Release|x86.Build.0 = Release|Win32
		{8D87FB27-41E8-460E-A64E-C00C810BF3AD}.Debug|x64.ActiveCfg = Debug|x64
		{8D87FB27-41E8-460E-A64E-C00C810BF3AD}.Debug|x64.Build.0 = Debug|x64
		{8D87FB27-41E8-460E-A64E-C00C810BF3AD}.Debug|x86.ActiveCfg = Debug|Win32
		{8D87FB27-41E8-460E-A64E-C00C810BF3AD}.Debug|x86.Build.0 = Debug|Win32
		{8D87FB27-41E8-460E-A64E-C00C810BF3AD}.Release|x64.ActiveCfg = Release|x64
		{8D87FB27-41E8-460E-A64E-C00C810BF3AD}.Release|x64.Build.0 = Release|x64
		{8D87FB27-41E8-460E-A64E-C00C810BF3AD}.Release|x86.ActiveCfg = Release|Win32
		{8D87FB27-41E8-460E-A64E-C00C810BF3AD}.Release|x86.Build.0 = Release|Win32
	EndGlobalSection
	GlobalSection(SolutionProperties) = preSolution
		HideSolutionNode = FALSE
	EndGlobalSection
	GlobalSection(ExtensibilityGlobals) = postSolution
		SolutionGuid = {BC7A7A5A-AF99-4C08-9526-95E7C1144043}
	EndGlobalSection
EndGlobal
